
Microsoft Visual Studio Solution File, Format Version 12.00
# Visual Studio 15
VisualStudioVersion = 15.0.28010.2048
MinimumVisualStudioVersion = 10.0.40219.1
Project("{9A19103F-16F7-4668-BE54-9A1E7A4F7556}") = "LibraryMS.WEB", "LibraryMS.WEB\LibraryMS.WEB.csproj", "{DA363B55-0077-4049-A6BD-B201CDD91732}"
EndProject
Project("{9A19103F-16F7-4668-BE54-9A1E7A4F7556}") = "LibraryMS.Core", "LibraryMS.Core\LibraryMS.Core.csproj", "{A9E82E5A-4BC0-4A72-9FD6-960BDE2A48CF}"
EndProject
Project("{FAE04EC0-301F-11D3-BF4B-00C04F79EFBC}") = "LibraryMS.Infrastructure", "LibraryMS.Infrastructure\LibraryMS.Infrastructure.csproj", "{DA73A6D4-6541-4147-B9A7-E876CB77B18F}"
EndProject
Global
	GlobalSection(SolutionConfigurationPlatforms) = preSolution
		Debug|Any CPU = Debug|Any CPU
		Release|Any CPU = Release|Any CPU
	EndGlobalSection
	GlobalSection(ProjectConfigurationPlatforms) = postSolution
		{DA363B55-0077-4049-A6BD-B201CDD91732}.Debug|Any CPU.ActiveCfg = Debug|Any CPU
		{DA363B55-0077-4049-A6BD-B201CDD91732}.Debug|Any CPU.Build.0 = Debug|Any CPU
		{DA363B55-0077-4049-A6BD-B201CDD91732}.Release|Any CPU.ActiveCfg = Release|Any CPU
		{DA363B55-0077-4049-A6BD-B201CDD91732}.Release|Any CPU.Build.0 = Release|Any CPU
		{A9E82E5A-4BC0-4A72-9FD6-960BDE2A48CF}.Debug|Any CPU.ActiveCfg = Debug|Any CPU
		{A9E82E5A-4BC0-4A72-9FD6-960BDE2A48CF}.Debug|Any CPU.Build.0 = Debug|Any CPU
		{A9E82E5A-4BC0-4A72-9FD6-960BDE2A48CF}.Release|Any CPU.ActiveCfg = Release|Any CPU
		{A9E82E5A-4BC0-4A72-9FD6-960BDE2A48CF}.Release|Any CPU.Build.0 = Release|Any CPU
		{DA73A6D4-6541-4147-B9A7-E876CB77B18F}.Debug|Any CPU.ActiveCfg = Debug|Any CPU
		{DA73A6D4-6541-4147-B9A7-E876CB77B18F}.Debug|Any CPU.Build.0 = Debug|Any CPU
		{DA73A6D4-6541-4147-B9A7-E876CB77B18F}.Release|Any CPU.ActiveCfg = Release|Any CPU
		{DA73A6D4-6541-4147-B9A7-E876CB77B18F}.Release|Any CPU.Build.0 = Release|Any CPU
	EndGlobalSection
	GlobalSection(SolutionProperties) = preSolution
		HideSolutionNode = FALSE
	EndGlobalSection
	GlobalSection(ExtensibilityGlobals) = postSolution
		SolutionGuid = {09C3A59A-39E2-4B88-B574-0C5152C24006}
	EndGlobalSection
EndGlobal
